
Microsoft Visual Studio Solution File, Format Version 12.00
# Visual Studio 15
VisualStudioVersion = 15.0.28307.1082
MinimumVisualStudioVersion = 10.0.40219.1
Project("{8BC9CEB8-8B4A-11D0-8D11-00A0C91BC942}") = "Arrays", "Arrays\Arrays.vcxproj", "{1447CE02-EE12-482C-963A-8CBD38B08E35}"
EndProject
Project("{8BC9CEB8-8B4A-11D0-8D11-00A0C91BC942}") = "HomeWork", "HomeWork\HomeWork.vcxproj", "{0AD2D88E-1EE3-4970-A197-1ABDBB7F3B8A}"
EndProject
Project("{8BC9CEB8-8B4A-11D0-8D11-00A0C91BC942}") = "Shift", "Shift\Shift.vcxproj", "{7395F08C-51F1-453D-B61D-29192F7AEBAF}"
EndProject
Global
	GlobalSection(SolutionConfigurationPlatforms) = preSolution
		Debug|x64 = Debug|x64
		Debug|x86 = Debug|x86
		Release|x64 = Release|x64
		Release|x86 = Release|x86
	EndGlobalSection
	GlobalSection(ProjectConfigurationPlatforms) = postSolution
		{1447CE02-EE12-482C-963A-8CBD38B08E35}.Debug|x64.ActiveCfg = Debug|x64
		{1447CE02-EE12-482C-963A-8CBD38B08E35}.Debug|x64.Build.0 = Debug|x64
		{1447CE02-EE12-482C-963A-8CBD38B08E35}.Debug|x86.ActiveCfg = Debug|Win32
		{1447CE02-EE12-482C-963A-8CBD38B08E35}.Debug|x86.Build.0 = Debug|Win32
		{1447CE02-EE12-482C-963A-8CBD38B08E35}.Release|x64.ActiveCfg = Release|x64
		{1447CE02-EE12-482C-963A-8CBD38B08E35}.Release|x64.Build.0 = Release|x64
		{1447CE02-EE12-482C-963A-8CBD38B08E35}.Release|x86.ActiveCfg = Release|Win32
		{1447CE02-EE12-482C-963A-8CBD38B08E35}.Release|x86.Build.0 = Release|Win32
		{0AD2D88E-1EE3-4970-A197-1ABDBB7F3B8A}.Debug|x64.ActiveCfg = Debug|x64
		{0AD2D88E-1EE3-4970-A197-1ABDBB7F3B8A}.Debug|x64.Build.0 = Debug|x64
		{0AD2D88E-1EE3-4970-A197-1ABDBB7F3B8A}.Debug|x86.ActiveCfg = Debug|Win32
		{0AD2D88E-1EE3-4970-A197-1ABDBB7F3B8A}.Debug|x86.Build.0 = Debug|Win32
		{0AD2D88E-1EE3-4970-A197-1ABDBB7F3B8A}.Release|x64.ActiveCfg = Release|x64
		{0AD2D88E-1EE3-4970-A197-1ABDBB7F3B8A}.Release|x64.Build.0 = Release|x64
		{0AD2D88E-1EE3-4970-A197-1ABDBB7F3B8A}.Release|x86.ActiveCfg = Release|Win32
		{0AD2D88E-1EE3-4970-A197-1ABDBB7F3B8A}.Release|x86.Build.0 = Release|Win32
		{7395F08C-51F1-453D-B61D-29192F7AEBAF}.Debug|x64.ActiveCfg = Debug|x64
		{7395F08C-51F1-453D-B61D-29192F7AEBAF}.Debug|x64.Build.0 = Debug|x64
		{7395F08C-51F1-453D-B61D-29192F7AEBAF}.Debug|x86.ActiveCfg = Debug|Win32
		{7395F08C-51F1-453D-B61D-29192F7AEBAF}.Debug|x86.Build.0 = Debug|Win32
		{7395F08C-51F1-453D-B61D-29192F7AEBAF}.Release|x64.ActiveCfg = Release|x64
		{7395F08C-51F1-453D-B61D-29192F7AEBAF}.Release|x64.Build.0 = Release|x64
		{7395F08C-51F1-453D-B61D-29192F7AEBAF}.Release|x86.ActiveCfg = Release|Win32
		{7395F08C-51F1-453D-B61D-29192F7AEBAF}.Release|x86.Build.0 = Release|Win32
	EndGlobalSection
	GlobalSection(SolutionProperties) = preSolution
		HideSolutionNode = FALSE
	EndGlobalSection
	GlobalSection(ExtensibilityGlobals) = postSolution
		SolutionGuid = {7701FA05-8FA8-4BE2-A479-1303C4073643}
	EndGlobalSection
EndGlobal
